
Microsoft Visual Studio Solution File, Format Version 12.00
# Visual Studio 15
VisualStudioVersion = 15.0.26124.0
MinimumVisualStudioVersion = 15.0.26124.0
Project("{2150E333-8FDC-42A3-9474-1A3956D46DE8}") = "src", "src", "{8642AB78-EA13-41AE-B10B-C7A819C25DD5}"
EndProject
Project("{F2A71F9B-5D33-465A-A702-920D77279786}") = "App", "src\App\App.fsproj", "{030F784B-14F5-4242-8BF0-697F591C2A8D}"
EndProject
Project("{F2A71F9B-5D33-465A-A702-920D77279786}") = "Library", "src\Library\Library.fsproj", "{E4DF81CC-386F-4853-92C7-8324589619B9}"
EndProject
Global
	GlobalSection(SolutionConfigurationPlatforms) = preSolution
		Debug|Any CPU = Debug|Any CPU
		Debug|x64 = Debug|x64
		Debug|x86 = Debug|x86
		Release|Any CPU = Release|Any CPU
		Release|x64 = Release|x64
		Release|x86 = Release|x86
	EndGlobalSection
	GlobalSection(SolutionProperties) = preSolution
		HideSolutionNode = FALSE
	EndGlobalSection
	GlobalSection(ProjectConfigurationPlatforms) = postSolution
		{030F784B-14F5-4242-8BF0-697F591C2A8D}.Debug|Any CPU.ActiveCfg = Debug|Any CPU
		{030F784B-14F5-4242-8BF0-697F591C2A8D}.Debug|Any CPU.Build.0 = Debug|Any CPU
		{030F784B-14F5-4242-8BF0-697F591C2A8D}.Debug|x64.ActiveCfg = Debug|Any CPU
		{030F784B-14F5-4242-8BF0-697F591C2A8D}.Debug|x64.Build.0 = Debug|Any CPU
		{030F784B-14F5-4242-8BF0-697F591C2A8D}.Debug|x86.ActiveCfg = Debug|Any CPU
		{030F784B-14F5-4242-8BF0-697F591C2A8D}.Debug|x86.Build.0 = Debug|Any CPU
		{030F784B-14F5-4242-8BF0-697F591C2A8D}.Release|Any CPU.ActiveCfg = Release|Any CPU
		{030F784B-14F5-4242-8BF0-697F591C2A8D}.Release|Any CPU.Build.0 = Release|Any CPU
		{030F784B-14F5-4242-8BF0-697F591C2A8D}.Release|x64.ActiveCfg = Release|Any CPU
		{030F784B-14F5-4242-8BF0-697F591C2A8D}.Release|x64.Build.0 = Release|Any CPU
		{030F784B-14F5-4242-8BF0-697F591C2A8D}.Release|x86.ActiveCfg = Release|Any CPU
		{030F784B-14F5-4242-8BF0-697F591C2A8D}.Release|x86.Build.0 = Release|Any CPU
		{E4DF81CC-386F-4853-92C7-8324589619B9}.Debug|Any CPU.ActiveCfg = Debug|Any CPU
		{E4DF81CC-386F-4853-92C7-8324589619B9}.Debug|Any CPU.Build.0 = Debug|Any CPU
		{E4DF81CC-386F-4853-92C7-8324589619B9}.Debug|x64.ActiveCfg = Debug|Any CPU
		{E4DF81CC-386F-4853-92C7-8324589619B9}.Debug|x64.Build.0 = Debug|Any CPU
		{E4DF81CC-386F-4853-92C7-8324589619B9}.Debug|x86.ActiveCfg = Debug|Any CPU
		{E4DF81CC-386F-4853-92C7-8324589619B9}.Debug|x86.Build.0 = Debug|Any CPU
		{E4DF81CC-386F-4853-92C7-8324589619B9}.Release|Any CPU.ActiveCfg = Release|Any CPU
		{E4DF81CC-386F-4853-92C7-8324589619B9}.Release|Any CPU.Build.0 = Release|Any CPU
		{E4DF81CC-386F-4853-92C7-8324589619B9}.Release|x64.ActiveCfg = Release|Any CPU
		{E4DF81CC-386F-4853-92C7-8324589619B9}.Release|x64.Build.0 = Release|Any CPU
		{E4DF81CC-386F-4853-92C7-8324589619B9}.Release|x86.ActiveCfg = Release|Any CPU
		{E4DF81CC-386F-4853-92C7-8324589619B9}.Release|x86.Build.0 = Release|Any CPU
	EndGlobalSection
	GlobalSection(NestedProjects) = preSolution
		{030F784B-14F5-4242-8BF0-697F591C2A8D} = {8642AB78-EA13-41AE-B10B-C7A819C25DD5}
		{E4DF81CC-386F-4853-92C7-8324589619B9} = {8642AB78-EA13-41AE-B10B-C7A819C25DD5}
	EndGlobalSection
EndGlobal
